
Microsoft Visual Studio Solution File, Format Version 12.00
# Visual Studio Version 17
VisualStudioVersion = 17.0.32014.148
MinimumVisualStudioVersion = 10.0.40219.1
Project("{9A19103F-16F7-4668-BE54-9A1E7A4F7556}") = "FanControl.StorageSpacePlugin", "src\FanControl.StorageSpacePlugin\FanControl.StorageSpacePlugin.csproj", "{61E6051F-3D76-4605-8669-D76209C315DF}"
EndProject
Global
	GlobalSection(SolutionConfigurationPlatforms) = preSolution
		Debug|Any CPU = Debug|Any CPU
		Release|Any CPU = Release|Any CPU
	EndGlobalSection
	GlobalSection(ProjectConfigurationPlatforms) = postSolution
		{61E6051F-3D76-4605-8669-D76209C315DF}.Debug|Any CPU.ActiveCfg = Debug|Any CPU
		{61E6051F-3D76-4605-8669-D76209C315DF}.Debug|Any CPU.Build.0 = Debug|Any CPU
		{61E6051F-3D76-4605-8669-D76209C315DF}.Release|Any CPU.ActiveCfg = Release|Any CPU
		{61E6051F-3D76-4605-8669-D76209C315DF}.Release|Any CPU.Build.0 = Release|Any CPU
	EndGlobalSection
	GlobalSection(SolutionProperties) = preSolution
		HideSolutionNode = FALSE
	EndGlobalSection
	GlobalSection(ExtensibilityGlobals) = postSolution
		SolutionGuid = {CE1C5426-9A85-4A46-9E2A-1CB0342A5D02}
	EndGlobalSection
EndGlobal
